// !$*UTF8*$!
{
	archiveVersion = 1;
	classes = {
	};
	objectVersion = 46;
	objects = {

/* Begin PBXBuildFile section */
		078EA3832186081F00EF37E4 /* ServiceManagement.framework in Frameworks */ = {isa = PBXBuildFile; fileRef = 078EA3822186081F00EF37E4 /* ServiceManagement.framework */; };
		07A89BF221A603560007C7A8 /* AppleScriptObjC.framework in Frameworks */ = {isa = PBXBuildFile; fileRef = 07A89BF121A603560007C7A8 /* AppleScriptObjC.framework */; };
		07A89BF721A6038B0007C7A8 /* iTunesBridge.applescript in Sources */ = {isa = PBXBuildFile; fileRef = 07A89BF321A6038A0007C7A8 /* iTunesBridge.applescript */; };
		07A89BF821A6038B0007C7A8 /* spotifyBridge.applescript in Sources */ = {isa = PBXBuildFile; fileRef = 07A89BF421A6038A0007C7A8 /* spotifyBridge.applescript */; };
		07A89BF921A6038B0007C7A8 /* iTunesBridge.swift in Sources */ = {isa = PBXBuildFile; fileRef = 07A89BF521A6038B0007C7A8 /* iTunesBridge.swift */; };
		07A89BFA21A6038B0007C7A8 /* spotifyBridge.swift in Sources */ = {isa = PBXBuildFile; fileRef = 07A89BF621A6038B0007C7A8 /* spotifyBridge.swift */; };
		07BFF19C1E3C1C78008DC441 /* AppDelegate.swift in Sources */ = {isa = PBXBuildFile; fileRef = 07BFF19B1E3C1C78008DC441 /* AppDelegate.swift */; };
		07BFF1A01E3C1C78008DC441 /* Assets.xcassets in Resources */ = {isa = PBXBuildFile; fileRef = 07BFF19F1E3C1C78008DC441 /* Assets.xcassets */; };
		07BFF1A31E3C1C78008DC441 /* Main.storyboard in Resources */ = {isa = PBXBuildFile; fileRef = 07BFF1A11E3C1C78008DC441 /* Main.storyboard */; };
		07E714B021BDB0A30073D5E1 /* emptyBridge.applescript in Sources */ = {isa = PBXBuildFile; fileRef = 07E714AF21BDB0A30073D5E1 /* emptyBridge.applescript */; };
		07E714B221BDB0B60073D5E1 /* emptyBridge.swift in Sources */ = {isa = PBXBuildFile; fileRef = 07E714B121BDB0B60073D5E1 /* emptyBridge.swift */; };
		07FB36941EB132E90075DB6B /* AppDelegate.m in Sources */ = {isa = PBXBuildFile; fileRef = 07FB36931EB132E90075DB6B /* AppDelegate.m */; };
		07FB36971EB132E90075DB6B /* main.m in Sources */ = {isa = PBXBuildFile; fileRef = 07FB36961EB132E90075DB6B /* main.m */; };
		07FB369A1EB132E90075DB6B /* ViewController.m in Sources */ = {isa = PBXBuildFile; fileRef = 07FB36991EB132E90075DB6B /* ViewController.m */; };
		07FB369C1EB132E90075DB6B /* Assets.xcassets in Resources */ = {isa = PBXBuildFile; fileRef = 07FB369B1EB132E90075DB6B /* Assets.xcassets */; };
		07FB369F1EB132E90075DB6B /* Main.storyboard in Resources */ = {isa = PBXBuildFile; fileRef = 07FB369D1EB132E90075DB6B /* Main.storyboard */; };
		07FB36A41EB134310075DB6B /* MusicBarHelper.app in CopyFiles */ = {isa = PBXBuildFile; fileRef = 07FB36901EB132E90075DB6B /* MusicBarHelper.app */; settings = {ATTRIBUTES = (RemoveHeadersOnCopy, ); }; };
		07FDD6741E7DAC15002C2D70 /* EventMonitor.swift in Sources */ = {isa = PBXBuildFile; fileRef = 07FDD6731E7DAC15002C2D70 /* EventMonitor.swift */; };
		07FDD6771E7DB921002C2D70 /* MessageViewController.swift in Sources */ = {isa = PBXBuildFile; fileRef = 07FDD6751E7DB921002C2D70 /* MessageViewController.swift */; };
/* End PBXBuildFile section */

/* Begin PBXCopyFilesBuildPhase section */
		079610F51EA4D46E0041FDC9 /* CopyFiles */ = {
			isa = PBXCopyFilesBuildPhase;
			buildActionMask = 2147483647;
			dstPath = Contents/Library/LoginItems;
			dstSubfolderSpec = 1;
			files = (
				07FB36A41EB134310075DB6B /* MusicBarHelper.app in CopyFiles */,
			);
			runOnlyForDeploymentPostprocessing = 0;
		};
/* End PBXCopyFilesBuildPhase section */

/* Begin PBXFileReference section */
		074A507B1EB6115000AA3BF9 /* MusicBar.entitlements */ = {isa = PBXFileReference; lastKnownFileType = text.plist.entitlements; path = MusicBar.entitlements; sourceTree = "<group>"; };
		074A507C1EB6118500AA3BF9 /* MusicBarHelper.entitlements */ = {isa = PBXFileReference; lastKnownFileType = text.plist.entitlements; path = MusicBarHelper.entitlements; sourceTree = "<group>"; };
		078EA3822186081F00EF37E4 /* ServiceManagement.framework */ = {isa = PBXFileReference; lastKnownFileType = wrapper.framework; name = ServiceManagement.framework; path = System/Library/Frameworks/ServiceManagement.framework; sourceTree = SDKROOT; };
		07A89BF121A603560007C7A8 /* AppleScriptObjC.framework */ = {isa = PBXFileReference; lastKnownFileType = wrapper.framework; name = AppleScriptObjC.framework; path = System/Library/Frameworks/AppleScriptObjC.framework; sourceTree = SDKROOT; };
		07A89BF321A6038A0007C7A8 /* iTunesBridge.applescript */ = {isa = PBXFileReference; fileEncoding = 4; lastKnownFileType = sourcecode.applescript; name = iTunesBridge.applescript; path = "../../Swift-AppleScriptObjC/Swift-AppleScriptObjC/iTunesBridge.applescript"; sourceTree = "<group>"; };
		07A89BF421A6038A0007C7A8 /* spotifyBridge.applescript */ = {isa = PBXFileReference; fileEncoding = 4; lastKnownFileType = sourcecode.applescript; name = spotifyBridge.applescript; path = "../../Swift-AppleScriptObjC/Swift-AppleScriptObjC/spotifyBridge.applescript"; sourceTree = "<group>"; };
		07A89BF521A6038B0007C7A8 /* iTunesBridge.swift */ = {isa = PBXFileReference; fileEncoding = 4; lastKnownFileType = sourcecode.swift; name = iTunesBridge.swift; path = "../../Swift-AppleScriptObjC/Swift-AppleScriptObjC/iTunesBridge.swift"; sourceTree = "<group>"; };
		07A89BF621A6038B0007C7A8 /* spotifyBridge.swift */ = {isa = PBXFileReference; fileEncoding = 4; lastKnownFileType = sourcecode.swift; name = spotifyBridge.swift; path = "../../Swift-AppleScriptObjC/Swift-AppleScriptObjC/spotifyBridge.swift"; sourceTree = "<group>"; };
		07BFF1981E3C1C78008DC441 /* MusicBar.app */ = {isa = PBXFileReference; explicitFileType = wrapper.application; includeInIndex = 0; path = MusicBar.app; sourceTree = BUILT_PRODUCTS_DIR; };
		07BFF19B1E3C1C78008DC441 /* AppDelegate.swift */ = {isa = PBXFileReference; lastKnownFileType = sourcecode.swift; path = AppDelegate.swift; sourceTree = "<group>"; };
		07BFF19F1E3C1C78008DC441 /* Assets.xcassets */ = {isa = PBXFileReference; lastKnownFileType = folder.assetcatalog; path = Assets.xcassets; sourceTree = "<group>"; };
		07BFF1A21E3C1C78008DC441 /* Base */ = {isa = PBXFileReference; lastKnownFileType = file.storyboard; name = Base; path = Base.lproj/Main.storyboard; sourceTree = "<group>"; };
		07BFF1A41E3C1C78008DC441 /* Info.plist */ = {isa = PBXFileReference; lastKnownFileType = text.plist.xml; path = Info.plist; sourceTree = "<group>"; };
		07BFF1AD1E3C1C78008DC441 /* MusicBarTests.swift */ = {isa = PBXFileReference; lastKnownFileType = sourcecode.swift; path = MusicBarTests.swift; sourceTree = "<group>"; };
		07BFF1AF1E3C1C78008DC441 /* Info.plist */ = {isa = PBXFileReference; lastKnownFileType = text.plist.xml; path = Info.plist; sourceTree = "<group>"; };
		07BFF1B81E3C1C78008DC441 /* MusicBarUITests.swift */ = {isa = PBXFileReference; lastKnownFileType = sourcecode.swift; path = MusicBarUITests.swift; sourceTree = "<group>"; };
		07BFF1BA1E3C1C78008DC441 /* Info.plist */ = {isa = PBXFileReference; lastKnownFileType = text.plist.xml; path = Info.plist; sourceTree = "<group>"; };
		07E714AF21BDB0A30073D5E1 /* emptyBridge.applescript */ = {isa = PBXFileReference; fileEncoding = 4; lastKnownFileType = sourcecode.applescript; name = emptyBridge.applescript; path = "../../Swift-AppleScriptObjC/Swift-AppleScriptObjC/emptyBridge.applescript"; sourceTree = "<group>"; };
		07E714B121BDB0B60073D5E1 /* emptyBridge.swift */ = {isa = PBXFileReference; fileEncoding = 4; lastKnownFileType = sourcecode.swift; path = emptyBridge.swift; sourceTree = "<group>"; };
		07FB36901EB132E90075DB6B /* MusicBarHelper.app */ = {isa = PBXFileReference; explicitFileType = wrapper.application; includeInIndex = 0; path = MusicBarHelper.app; sourceTree = BUILT_PRODUCTS_DIR; };
		07FB36921EB132E90075DB6B /* AppDelegate.h */ = {isa = PBXFileReference; lastKnownFileType = sourcecode.c.h; path = AppDelegate.h; sourceTree = "<group>"; };
		07FB36931EB132E90075DB6B /* AppDelegate.m */ = {isa = PBXFileReference; lastKnownFileType = sourcecode.c.objc; path = AppDelegate.m; sourceTree = "<group>"; };
		07FB36961EB132E90075DB6B /* main.m */ = {isa = PBXFileReference; lastKnownFileType = sourcecode.c.objc; path = main.m; sourceTree = "<group>"; };
		07FB36981EB132E90075DB6B /* ViewController.h */ = {isa = PBXFileReference; lastKnownFileType = sourcecode.c.h; path = ViewController.h; sourceTree = "<group>"; };
		07FB36991EB132E90075DB6B /* ViewController.m */ = {isa = PBXFileReference; lastKnownFileType = sourcecode.c.objc; path = ViewController.m; sourceTree = "<group>"; };
		07FB369B1EB132E90075DB6B /* Assets.xcassets */ = {isa = PBXFileReference; lastKnownFileType = folder.assetcatalog; path = Assets.xcassets; sourceTree = "<group>"; };
		07FB369E1EB132E90075DB6B /* Base */ = {isa = PBXFileReference; lastKnownFileType = file.storyboard; name = Base; path = Base.lproj/Main.storyboard; sourceTree = "<group>"; };
		07FB36A01EB132E90075DB6B /* Info.plist */ = {isa = PBXFileReference; lastKnownFileType = text.plist.xml; path = Info.plist; sourceTree = "<group>"; };
		07FDD6731E7DAC15002C2D70 /* EventMonitor.swift */ = {isa = PBXFileReference; fileEncoding = 4; lastKnownFileType = sourcecode.swift; path = EventMonitor.swift; sourceTree = "<group>"; };
		07FDD6751E7DB921002C2D70 /* MessageViewController.swift */ = {isa = PBXFileReference; fileEncoding = 4; lastKnownFileType = sourcecode.swift; path = MessageViewController.swift; sourceTree = "<group>"; };
/* End PBXFileReference section */

/* Begin PBXFrameworksBuildPhase section */
		07BFF1951E3C1C77008DC441 /* Frameworks */ = {
			isa = PBXFrameworksBuildPhase;
			buildActionMask = 2147483647;
			files = (
				07A89BF221A603560007C7A8 /* AppleScriptObjC.framework in Frameworks */,
				078EA3832186081F00EF37E4 /* ServiceManagement.framework in Frameworks */,
			);
			runOnlyForDeploymentPostprocessing = 0;
		};
		07FB368D1EB132E90075DB6B /* Frameworks */ = {
			isa = PBXFrameworksBuildPhase;
			buildActionMask = 2147483647;
			files = (
			);
			runOnlyForDeploymentPostprocessing = 0;
		};
/* End PBXFrameworksBuildPhase section */

/* Begin PBXGroup section */
		079610F01EA4D3280041FDC9 /* Frameworks */ = {
			isa = PBXGroup;
			children = (
				07A89BF121A603560007C7A8 /* AppleScriptObjC.framework */,
				078EA3822186081F00EF37E4 /* ServiceManagement.framework */,
			);
			name = Frameworks;
			sourceTree = "<group>";
		};
		07BFF18F1E3C1C77008DC441 = {
			isa = PBXGroup;
			children = (
				07BFF19A1E3C1C78008DC441 /* MusicBar */,
				07BFF1AC1E3C1C78008DC441 /* MusicBarTests */,
				07BFF1B71E3C1C78008DC441 /* MusicBarUITests */,
				07FB36911EB132E90075DB6B /* MusicBarHelper */,
				07BFF1991E3C1C78008DC441 /* Products */,
				079610F01EA4D3280041FDC9 /* Frameworks */,
			);
			sourceTree = "<group>";
		};
		07BFF1991E3C1C78008DC441 /* Products */ = {
			isa = PBXGroup;
			children = (
				07BFF1981E3C1C78008DC441 /* MusicBar.app */,
				07FB36901EB132E90075DB6B /* MusicBarHelper.app */,
			);
			name = Products;
			sourceTree = "<group>";
		};
		07BFF19A1E3C1C78008DC441 /* MusicBar */ = {
			isa = PBXGroup;
			children = (
				074A507B1EB6115000AA3BF9 /* MusicBar.entitlements */,
				07BFF19B1E3C1C78008DC441 /* AppDelegate.swift */,
				07FDD6751E7DB921002C2D70 /* MessageViewController.swift */,
				07FDD6731E7DAC15002C2D70 /* EventMonitor.swift */,
				07A89BF321A6038A0007C7A8 /* iTunesBridge.applescript */,
				07A89BF521A6038B0007C7A8 /* iTunesBridge.swift */,
				07A89BF421A6038A0007C7A8 /* spotifyBridge.applescript */,
				07A89BF621A6038B0007C7A8 /* spotifyBridge.swift */,
				07E714AF21BDB0A30073D5E1 /* emptyBridge.applescript */,
				07E714B121BDB0B60073D5E1 /* emptyBridge.swift */,
				07BFF1A11E3C1C78008DC441 /* Main.storyboard */,
				07BFF19F1E3C1C78008DC441 /* Assets.xcassets */,
				07BFF1A41E3C1C78008DC441 /* Info.plist */,
			);
			path = MusicBar;
			sourceTree = "<group>";
		};
		07BFF1AC1E3C1C78008DC441 /* MusicBarTests */ = {
			isa = PBXGroup;
			children = (
				07BFF1AD1E3C1C78008DC441 /* MusicBarTests.swift */,
				07BFF1AF1E3C1C78008DC441 /* Info.plist */,
			);
			path = MusicBarTests;
			sourceTree = "<group>";
		};
		07BFF1B71E3C1C78008DC441 /* MusicBarUITests */ = {
			isa = PBXGroup;
			children = (
				07BFF1B81E3C1C78008DC441 /* MusicBarUITests.swift */,
				07BFF1BA1E3C1C78008DC441 /* Info.plist */,
			);
			path = MusicBarUITests;
			sourceTree = "<group>";
		};
		07FB36911EB132E90075DB6B /* MusicBarHelper */ = {
			isa = PBXGroup;
			children = (
				074A507C1EB6118500AA3BF9 /* MusicBarHelper.entitlements */,
				07FB36921EB132E90075DB6B /* AppDelegate.h */,
				07FB36931EB132E90075DB6B /* AppDelegate.m */,
				07FB36981EB132E90075DB6B /* ViewController.h */,
				07FB36991EB132E90075DB6B /* ViewController.m */,
				07FB369B1EB132E90075DB6B /* Assets.xcassets */,
				07FB369D1EB132E90075DB6B /* Main.storyboard */,
				07FB36A01EB132E90075DB6B /* Info.plist */,
				07FB36951EB132E90075DB6B /* Supporting Files */,
			);
			path = MusicBarHelper;
			sourceTree = "<group>";
		};
		07FB36951EB132E90075DB6B /* Supporting Files */ = {
			isa = PBXGroup;
			children = (
				07FB36961EB132E90075DB6B /* main.m */,
			);
			name = "Supporting Files";
			sourceTree = "<group>";
		};
/* End PBXGroup section */

/* Begin PBXNativeTarget section */
		07BFF1971E3C1C77008DC441 /* MusicBar */ = {
			isa = PBXNativeTarget;
			buildConfigurationList = 07BFF1BD1E3C1C78008DC441 /* Build configuration list for PBXNativeTarget "MusicBar" */;
			buildPhases = (
				07BFF1941E3C1C77008DC441 /* Sources */,
				07BFF1951E3C1C77008DC441 /* Frameworks */,
				07BFF1961E3C1C77008DC441 /* Resources */,
				079610F51EA4D46E0041FDC9 /* CopyFiles */,
			);
			buildRules = (
			);
			dependencies = (
			);
			name = MusicBar;
			productName = MusicBar;
			productReference = 07BFF1981E3C1C78008DC441 /* MusicBar.app */;
			productType = "com.apple.product-type.application";
		};
		07FB368F1EB132E90075DB6B /* MusicBarHelper */ = {
			isa = PBXNativeTarget;
			buildConfigurationList = 07FB36A11EB132E90075DB6B /* Build configuration list for PBXNativeTarget "MusicBarHelper" */;
			buildPhases = (
				07FB368C1EB132E90075DB6B /* Sources */,
				07FB368D1EB132E90075DB6B /* Frameworks */,
				07FB368E1EB132E90075DB6B /* Resources */,
			);
			buildRules = (
			);
			dependencies = (
			);
			name = MusicBarHelper;
			productName = MusicBarHelper;
			productReference = 07FB36901EB132E90075DB6B /* MusicBarHelper.app */;
			productType = "com.apple.product-type.application";
		};
/* End PBXNativeTarget section */

/* Begin PBXProject section */
		07BFF1901E3C1C77008DC441 /* Project object */ = {
			isa = PBXProject;
			attributes = {
				KnownAssetTags = (
					New,
					"New-1",
				);
				LastSwiftUpdateCheck = 0830;
				LastUpgradeCheck = 0820;
				ORGANIZATIONNAME = Tungsten;
				TargetAttributes = {
					07BFF1971E3C1C77008DC441 = {
						CreatedOnToolsVersion = 8.2.1;
						DevelopmentTeam = U46769Q7NC;
						ProvisioningStyle = Automatic;
						SystemCapabilities = {
							com.apple.ApplicationGroups.Mac = {
								enabled = 0;
							};
							com.apple.HardenedRuntime = {
								enabled = 1;
							};
							com.apple.NetworkExtensions = {
								enabled = 0;
							};
							com.apple.Sandbox = {
								enabled = 1;
							};
						};
					};
					07FB368F1EB132E90075DB6B = {
						CreatedOnToolsVersion = 8.3.1;
						DevelopmentTeam = U46769Q7NC;
						ProvisioningStyle = Automatic;
						SystemCapabilities = {
							com.apple.ApplicationGroups.Mac = {
								enabled = 0;
							};
							com.apple.HardenedRuntime = {
								enabled = 1;
							};
							com.apple.Sandbox = {
								enabled = 1;
							};
						};
					};
				};
			};
			buildConfigurationList = 07BFF1931E3C1C77008DC441 /* Build configuration list for PBXProject "MusicBar" */;
			compatibilityVersion = "Xcode 3.2";
			developmentRegion = English;
			hasScannedForEncodings = 0;
			knownRegions = (
				en,
				Base,
			);
			mainGroup = 07BFF18F1E3C1C77008DC441;
			productRefGroup = 07BFF1991E3C1C78008DC441 /* Products */;
			projectDirPath = "";
			projectRoot = "";
			targets = (
				07BFF1971E3C1C77008DC441 /* MusicBar */,
				07FB368F1EB132E90075DB6B /* MusicBarHelper */,
			);
		};
/* End PBXProject section */

/* Begin PBXResourcesBuildPhase section */
		07BFF1961E3C1C77008DC441 /* Resources */ = {
			isa = PBXResourcesBuildPhase;
			buildActionMask = 2147483647;
			files = (
				07BFF1A01E3C1C78008DC441 /* Assets.xcassets in Resources */,
				07BFF1A31E3C1C78008DC441 /* Main.storyboard in Resources */,
			);
			runOnlyForDeploymentPostprocessing = 0;
		};
		07FB368E1EB132E90075DB6B /* Resources */ = {
			isa = PBXResourcesBuildPhase;
			buildActionMask = 2147483647;
			files = (
				07FB369C1EB132E90075DB6B /* Assets.xcassets in Resources */,
				07FB369F1EB132E90075DB6B /* Main.storyboard in Resources */,
			);
			runOnlyForDeploymentPostprocessing = 0;
		};
/* End PBXResourcesBuildPhase section */

/* Begin PBXSourcesBuildPhase section */
		07BFF1941E3C1C77008DC441 /* Sources */ = {
			isa = PBXSourcesBuildPhase;
			buildActionMask = 2147483647;
			files = (
				07E714B221BDB0B60073D5E1 /* emptyBridge.swift in Sources */,
				07E714B021BDB0A30073D5E1 /* emptyBridge.applescript in Sources */,
				07BFF19C1E3C1C78008DC441 /* AppDelegate.swift in Sources */,
				07FDD6771E7DB921002C2D70 /* MessageViewController.swift in Sources */,
				07A89BF921A6038B0007C7A8 /* iTunesBridge.swift in Sources */,
				07A89BF821A6038B0007C7A8 /* spotifyBridge.applescript in Sources */,
				07A89BF721A6038B0007C7A8 /* iTunesBridge.applescript in Sources */,
				07FDD6741E7DAC15002C2D70 /* EventMonitor.swift in Sources */,
				07A89BFA21A6038B0007C7A8 /* spotifyBridge.swift in Sources */,
			);
			runOnlyForDeploymentPostprocessing = 0;
		};
		07FB368C1EB132E90075DB6B /* Sources */ = {
			isa = PBXSourcesBuildPhase;
			buildActionMask = 2147483647;
			files = (
				07FB369A1EB132E90075DB6B /* ViewController.m in Sources */,
				07FB36971EB132E90075DB6B /* main.m in Sources */,
				07FB36941EB132E90075DB6B /* AppDelegate.m in Sources */,
			);
			runOnlyForDeploymentPostprocessing = 0;
		};
/* End PBXSourcesBuildPhase section */

/* Begin PBXVariantGroup section */
		07BFF1A11E3C1C78008DC441 /* Main.storyboard */ = {
			isa = PBXVariantGroup;
			children = (
				07BFF1A21E3C1C78008DC441 /* Base */,
			);
			name = Main.storyboard;
			sourceTree = "<group>";
		};
		07FB369D1EB132E90075DB6B /* Main.storyboard */ = {
			isa = PBXVariantGroup;
			children = (
				07FB369E1EB132E90075DB6B /* Base */,
			);
			name = Main.storyboard;
			sourceTree = "<group>";
		};
/* End PBXVariantGroup section */

/* Begin XCBuildConfiguration section */
		07BFF1BB1E3C1C78008DC441 /* Debug */ = {
			isa = XCBuildConfiguration;
			buildSettings = {
				ALWAYS_SEARCH_USER_PATHS = NO;
				CLANG_ANALYZER_NONNULL = YES;
				CLANG_CXX_LANGUAGE_STANDARD = "gnu++0x";
				CLANG_CXX_LIBRARY = "libc++";
				CLANG_ENABLE_MODULES = YES;
				CLANG_ENABLE_OBJC_ARC = YES;
				CLANG_WARN_BOOL_CONVERSION = YES;
				CLANG_WARN_CONSTANT_CONVERSION = YES;
				CLANG_WARN_DIRECT_OBJC_ISA_USAGE = YES_ERROR;
				CLANG_WARN_DOCUMENTATION_COMMENTS = YES;
				CLANG_WARN_EMPTY_BODY = YES;
				CLANG_WARN_ENUM_CONVERSION = YES;
				CLANG_WARN_INFINITE_RECURSION = YES;
				CLANG_WARN_INT_CONVERSION = YES;
				CLANG_WARN_OBJC_ROOT_CLASS = YES_ERROR;
				CLANG_WARN_SUSPICIOUS_MOVE = YES;
				CLANG_WARN_UNREACHABLE_CODE = YES;
				CLANG_WARN__DUPLICATE_METHOD_MATCH = YES;
				CODE_SIGN_IDENTITY = "3rd Party Mac Developer Application: Eric de Vulpillieres (U46769Q7NC)";
				COPY_PHASE_STRIP = NO;
				DEBUG_INFORMATION_FORMAT = dwarf;
				ENABLE_STRICT_OBJC_MSGSEND = YES;
				ENABLE_TESTABILITY = YES;
				GCC_C_LANGUAGE_STANDARD = gnu99;
				GCC_DYNAMIC_NO_PIC = NO;
				GCC_NO_COMMON_BLOCKS = YES;
				GCC_OPTIMIZATION_LEVEL = 0;
				GCC_PREPROCESSOR_DEFINITIONS = (
					"DEBUG=1",
					"$(inherited)",
				);
				GCC_WARN_64_TO_32_BIT_CONVERSION = YES;
				GCC_WARN_ABOUT_RETURN_TYPE = YES_ERROR;
				GCC_WARN_UNDECLARED_SELECTOR = YES;
				GCC_WARN_UNINITIALIZED_AUTOS = YES_AGGRESSIVE;
				GCC_WARN_UNUSED_FUNCTION = YES;
				GCC_WARN_UNUSED_VARIABLE = YES;
				MACOSX_DEPLOYMENT_TARGET = 10.10;
				MTL_ENABLE_DEBUG_INFO = YES;
				ONLY_ACTIVE_ARCH = YES;
				SDKROOT = macosx;
				SWIFT_ACTIVE_COMPILATION_CONDITIONS = DEBUG;
				SWIFT_OPTIMIZATION_LEVEL = "-Onone";
			};
			name = Debug;
		};
		07BFF1BC1E3C1C78008DC441 /* Release */ = {
			isa = XCBuildConfiguration;
			buildSettings = {
				ALWAYS_SEARCH_USER_PATHS = NO;
				CLANG_ANALYZER_NONNULL = YES;
				CLANG_CXX_LANGUAGE_STANDARD = "gnu++0x";
				CLANG_CXX_LIBRARY = "libc++";
				CLANG_ENABLE_MODULES = YES;
				CLANG_ENABLE_OBJC_ARC = YES;
				CLANG_WARN_BOOL_CONVERSION = YES;
				CLANG_WARN_CONSTANT_CONVERSION = YES;
				CLANG_WARN_DIRECT_OBJC_ISA_USAGE = YES_ERROR;
				CLANG_WARN_DOCUMENTATION_COMMENTS = YES;
				CLANG_WARN_EMPTY_BODY = YES;
				CLANG_WARN_ENUM_CONVERSION = YES;
				CLANG_WARN_INFINITE_RECURSION = YES;
				CLANG_WARN_INT_CONVERSION = YES;
				CLANG_WARN_OBJC_ROOT_CLASS = YES_ERROR;
				CLANG_WARN_SUSPICIOUS_MOVE = YES;
				CLANG_WARN_UNREACHABLE_CODE = YES;
				CLANG_WARN__DUPLICATE_METHOD_MATCH = YES;
				CODE_SIGN_IDENTITY = "3rd Party Mac Developer Application: Eric de Vulpillieres (U46769Q7NC)";
				COPY_PHASE_STRIP = NO;
				DEBUG_INFORMATION_FORMAT = "dwarf-with-dsym";
				ENABLE_NS_ASSERTIONS = NO;
				ENABLE_STRICT_OBJC_MSGSEND = YES;
				GCC_C_LANGUAGE_STANDARD = gnu99;
				GCC_NO_COMMON_BLOCKS = YES;
				GCC_WARN_64_TO_32_BIT_CONVERSION = YES;
				GCC_WARN_ABOUT_RETURN_TYPE = YES_ERROR;
				GCC_WARN_UNDECLARED_SELECTOR = YES;
				GCC_WARN_UNINITIALIZED_AUTOS = YES_AGGRESSIVE;
				GCC_WARN_UNUSED_FUNCTION = YES;
				GCC_WARN_UNUSED_VARIABLE = YES;
				MACOSX_DEPLOYMENT_TARGET = 10.10;
				MTL_ENABLE_DEBUG_INFO = NO;
				SDKROOT = macosx;
				SWIFT_OPTIMIZATION_LEVEL = "-Owholemodule";
			};
			name = Release;
		};
		07BFF1BE1E3C1C78008DC441 /* Debug */ = {
			isa = XCBuildConfiguration;
			buildSettings = {
				ASSETCATALOG_COMPILER_APPICON_NAME = AppIcon;
				CODE_SIGN_ENTITLEMENTS = MusicBar/MusicBar.entitlements;
				CODE_SIGN_IDENTITY = "Mac Developer";
				COMBINE_HIDPI_IMAGES = YES;
				COPY_PHASE_STRIP = NO;
				DEVELOPMENT_TEAM = U46769Q7NC;
				ENABLE_HARDENED_RUNTIME = YES;
				INFOPLIST_FILE = MusicBar/Info.plist;
				LD_RUNPATH_SEARCH_PATHS = "$(inherited) @executable_path/../Frameworks";
				PRODUCT_BUNDLE_IDENTIFIER = tungsten.MusicBar;
				PRODUCT_NAME = "$(TARGET_NAME)";
				PROVISIONING_PROFILE = "";
				PROVISIONING_PROFILE_SPECIFIER = "";
				SWIFT_VERSION = 3.0;
				USER_HEADER_SEARCH_PATHS = "MusicBar/**";
			};
			name = Debug;
		};
		07BFF1BF1E3C1C78008DC441 /* Release */ = {
			isa = XCBuildConfiguration;
			buildSettings = {
				ASSETCATALOG_COMPILER_APPICON_NAME = AppIcon;
				CODE_SIGN_ENTITLEMENTS = MusicBar/MusicBar.entitlements;
				CODE_SIGN_IDENTITY = "Mac Developer";
				COMBINE_HIDPI_IMAGES = YES;
				COPY_PHASE_STRIP = NO;
				DEVELOPMENT_TEAM = U46769Q7NC;
				ENABLE_HARDENED_RUNTIME = YES;
				INFOPLIST_FILE = MusicBar/Info.plist;
				LD_RUNPATH_SEARCH_PATHS = "$(inherited) @executable_path/../Frameworks";
				PRODUCT_BUNDLE_IDENTIFIER = tungsten.MusicBar;
				PRODUCT_NAME = "$(TARGET_NAME)";
				PROVISIONING_PROFILE = "";
				PROVISIONING_PROFILE_SPECIFIER = "";
				SWIFT_VERSION = 3.0;
				USER_HEADER_SEARCH_PATHS = "MusicBar/**";
			};
			name = Release;
		};
		07FB36A21EB132E90075DB6B /* Debug */ = {
			isa = XCBuildConfiguration;
			buildSettings = {
				ASSETCATALOG_COMPILER_APPICON_NAME = AppIcon;
				CLANG_ANALYZER_NUMBER_OBJECT_CONVERSION = YES_AGGRESSIVE;
				CODE_SIGN_ENTITLEMENTS = MusicBarHelper/MusicBarHelper.entitlements;
				CODE_SIGN_IDENTITY = "Mac Developer";
				COMBINE_HIDPI_IMAGES = YES;
				DEVELOPMENT_TEAM = U46769Q7NC;
				ENABLE_HARDENED_RUNTIME = YES;
				INFOPLIST_FILE = MusicBarHelper/Info.plist;
				LD_RUNPATH_SEARCH_PATHS = "$(inherited) @executable_path/../Frameworks";
				PRODUCT_BUNDLE_IDENTIFIER = tungsten.MusicBarHelper;
				PRODUCT_NAME = "$(TARGET_NAME)";
				PROVISIONING_PROFILE = "";
				PROVISIONING_PROFILE_SPECIFIER = "";
				SKIP_INSTALL = YES;
			};
			name = Debug;
		};
		07FB36A31EB132E90075DB6B /* Release */ = {
			isa = XCBuildConfiguration;
			buildSettings = {
				ASSETCATALOG_COMPILER_APPICON_NAME = AppIcon;
				CLANG_ANALYZER_NUMBER_OBJECT_CONVERSION = YES_AGGRESSIVE;
				CODE_SIGN_ENTITLEMENTS = MusicBarHelper/MusicBarHelper.entitlements;
				CODE_SIGN_IDENTITY = "Mac Developer";
				COMBINE_HIDPI_IMAGES = YES;
				DEVELOPMENT_TEAM = U46769Q7NC;
				ENABLE_HARDENED_RUNTIME = YES;
				INFOPLIST_FILE = MusicBarHelper/Info.plist;
				LD_RUNPATH_SEARCH_PATHS = "$(inherited) @executable_path/../Frameworks";
				PRODUCT_BUNDLE_IDENTIFIER = tungsten.MusicBarHelper;
				PRODUCT_NAME = "$(TARGET_NAME)";
				PROVISIONING_PROFILE = "";
				PROVISIONING_PROFILE_SPECIFIER = "";
				SKIP_INSTALL = YES;
			};
			name = Release;
		};
/* End XCBuildConfiguration section */

/* Begin XCConfigurationList section */
		07BFF1931E3C1C77008DC441 /* Build configuration list for PBXProject "MusicBar" */ = {
			isa = XCConfigurationList;
			buildConfigurations = (
				07BFF1BB1E3C1C78008DC441 /* Debug */,
				07BFF1BC1E3C1C78008DC441 /* Release */,
			);
			defaultConfigurationIsVisible = 0;
			defaultConfigurationName = Release;
		};
		07BFF1BD1E3C1C78008DC441 /* Build configuration list for PBXNativeTarget "MusicBar" */ = {
			isa = XCConfigurationList;
			buildConfigurations = (
				07BFF1BE1E3C1C78008DC441 /* Debug */,
				07BFF1BF1E3C1C78008DC441 /* Release */,
			);
			defaultConfigurationIsVisible = 0;
			defaultConfigurationName = Release;
		};
		07FB36A11EB132E90075DB6B /* Build configuration list for PBXNativeTarget "MusicBarHelper" */ = {
			isa = XCConfigurationList;
			buildConfigurations = (
				07FB36A21EB132E90075DB6B /* Debug */,
				07FB36A31EB132E90075DB6B /* Release */,
			);
			defaultConfigurationIsVisible = 0;
			defaultConfigurationName = Release;
		};
/* End XCConfigurationList section */
	};
	rootObject = 07BFF1901E3C1C77008DC441 /* Project object */;
}
